{
    "_readme": [
        "This file locks the dependencies of your project to a known state",
        "Read more about it at https://getcomposer.org/doc/01-basic-usage.md#composer-lock-the-lock-file",
        "This file is @generated automatically"
    ],
    "hash": "36be0a147300af4536cce66cf67741bf",
    "content-hash": "87a8d66a51be153abc9d7599bf2b0de7",
    "packages": [
        {
            "name": "bower-asset/jquery",
            "version": "3.1.1",
            "source": {
                "type": "git",
                "url": "https://github.com/jquery/jquery-dist.git",
                "reference": "1b30f3ad466ebf2714d47eda34dbd7fdf6849fe3"
            },
            "dist": {
                "type": "zip",
                "url": "https://api.github.com/repos/jquery/jquery-dist/zipball/1b30f3ad466ebf2714d47eda34dbd7fdf6849fe3",
                "reference": "1b30f3ad466ebf2714d47eda34dbd7fdf6849fe3",
                "shasum": ""
            },
            "type": "bower-asset-library",
            "extra": {
                "bower-asset-main": "dist/jquery.js",
                "bower-asset-ignore": [
                    "package.json"
                ]
            },
            "license": [
                "MIT"
            ],
            "keywords": [
                "browser",
                "javascript",
                "jquery",
                "library"
            ]
        },
        {
            "name": "bower-asset/jquery.serializeJSON",
            "version": "2.7.2",
            "source": {
                "type": "git",
                "url": "https://github.com/marioizquierdo/jquery.serializeJSON.git",
                "reference": "2f462314f40b1cb88b7b5293e4816ae87fad1ede"
            },
            "dist": {
                "type": "zip",
                "url": "https://api.github.com/repos/marioizquierdo/jquery.serializeJSON/zipball/2f462314f40b1cb88b7b5293e4816ae87fad1ede",
                "reference": "2f462314f40b1cb88b7b5293e4816ae87fad1ede",
                "shasum": ""
            },
            "require": {
                "bower-asset/jquery": "*"
            },
            "require-dev": {
                "bower-asset/jasmine": "2.0.0"
            },
            "type": "bower-asset-library",
            "extra": {
                "bower-asset-main": "jquery.serializejson.js",
                "bower-asset-ignore": [
                    "**/.*",
                    "node_modules",
                    "bower_components",
                    "test",
                    "tests"
                ]
            },
            "license": [
                "MIT"
            ],
            "description": "jQuery or Zepto plugin to serialize a form into a JavaScript Object, using the same format as the default Ruby on Rails request params",
            "keywords": [
                "form",
                "helper",
                "jquery",
                "json",
                "serialize"
            ]
        },
        {
            "name": "bower-asset/jstree",
            "version": "3.3.3",
            "source": {
                "type": "git",
                "url": "https://github.com/vakata/jstree.git",
                "reference": "9770c6711f0a155ec494f635aaf0add9b3cfb45c"
            },
            "dist": {
                "type": "zip",
                "url": "https://api.github.com/repos/vakata/jstree/zipball/9770c6711f0a155ec494f635aaf0add9b3cfb45c",
                "reference": "9770c6711f0a155ec494f635aaf0add9b3cfb45c",
                "shasum": ""
            },
            "require": {
                "bower-asset/jquery": ">=1.9.1"
            },
            "type": "bower-asset-library",
            "extra": {
                "bower-asset-main": [
                    "./dist/jstree.js",
                    "./dist/themes/default/style.css"
                ],
                "bower-asset-ignore": [
                    "**/.*",
                    "docs",
                    "demo",
                    "libs",
                    "node_modules",
                    "test",
                    "libs",
                    "jstree.jquery.json",
                    "gruntfile.js",
                    "package.json",
                    "bower.json",
                    "component.json",
                    "LICENCE-MIT",
                    "README.md"
                ]
            },
            "keywords": [
                "jstree",
                "tree",
                "ui"
            ]
        },
        {
            "name": "composer/installers",
            "version": "v1.2.0",
            "source": {
                "type": "git",
                "url": "https://github.com/composer/installers.git",
                "reference": "d78064c68299743e0161004f2de3a0204e33b804"
            },
            "dist": {
                "type": "zip",
                "url": "https://api.github.com/repos/composer/installers/zipball/d78064c68299743e0161004f2de3a0204e33b804",
                "reference": "d78064c68299743e0161004f2de3a0204e33b804",
                "shasum": ""
            },
            "require": {
                "composer-plugin-api": "^1.0"
            },
            "replace": {
                "roundcube/plugin-installer": "*",
                "shama/baton": "*"
            },
            "require-dev": {
                "composer/composer": "1.0.*@dev",
                "phpunit/phpunit": "4.1.*"
            },
            "type": "composer-plugin",
            "extra": {
                "class": "Composer\\Installers\\Plugin",
                "branch-alias": {
                    "dev-master": "1.0-dev"
                }
            },
            "autoload": {
                "psr-4": {
                    "Composer\\Installers\\": "src/Composer/Installers"
                }
            },
            "notification-url": "https://packagist.org/downloads/",
            "license": [
                "MIT"
            ],
            "authors": [
                {
                    "name": "Kyle Robinson Young",
                    "email": "kyle@dontkry.com",
                    "homepage": "https://github.com/shama"
                }
            ],
            "description": "A multi-framework Composer library installer",
            "homepage": "https://composer.github.io/installers/",
            "keywords": [
                "Craft",
                "Dolibarr",
                "Hurad",
                "ImageCMS",
                "MODX Evo",
                "Mautic",
                "OXID",
                "Plentymarkets",
                "RadPHP",
                "SMF",
                "Thelia",
                "WolfCMS",
                "agl",
                "aimeos",
                "annotatecms",
                "attogram",
                "bitrix",
                "cakephp",
                "chef",
                "cockpit",
                "codeigniter",
                "concrete5",
                "croogo",
                "dokuwiki",
                "drupal",
                "elgg",
                "expressionengine",
                "fuelphp",
                "grav",
                "installer",
                "joomla",
                "kohana",
                "laravel",
                "lithium",
                "magento",
                "mako",
                "mediawiki",
                "modulework",
                "moodle",
                "phpbb",
                "piwik",
                "ppi",
                "puppet",
                "reindex",
                "roundcube",
                "shopware",
                "silverstripe",
                "symfony",
                "typo3",
                "wordpress",
                "yawik",
                "zend",
                "zikula"
            ],
            "time": "2016-08-13 20:53:52"
        }
    ],
    "packages-dev": [
        {
            "name": "coldtrick/releases",
            "version": "dev-master",
            "source": {
                "type": "git",
                "url": "https://github.com/ColdTrick/releases.git",
                "reference": "5965ce8cf0bf3b6c2cd0e61153be0b2977eeb9a5"
            },
            "dist": {
                "type": "zip",
                "url": "https://api.github.com/repos/ColdTrick/releases/zipball/5965ce8cf0bf3b6c2cd0e61153be0b2977eeb9a5",
                "reference": "5965ce8cf0bf3b6c2cd0e61153be0b2977eeb9a5",
                "shasum": ""
            },
            "type": "library",
            "notification-url": "https://packagist.org/downloads/",
            "license": [
                "GPL-2.0"
            ],
            "description": "A set of scripts needed for building releases",
            "keywords": [
                "ci",
                "release",
                "travis"
            ],
            "time": "2016-10-06 13:03:44"
        },
        {
            "name": "coldtrick/sniffs",
            "version": "dev-master",
            "source": {
                "type": "git",
                "url": "https://github.com/ColdTrick/elgg-coding-standards.git",
                "reference": "694bae972522ffbec467a7a9b6a2f4299beb47e6"
            },
            "dist": {
                "type": "zip",
                "url": "https://api.github.com/repos/ColdTrick/elgg-coding-standards/zipball/694bae972522ffbec467a7a9b6a2f4299beb47e6",
                "reference": "694bae972522ffbec467a7a9b6a2f4299beb47e6",
                "shasum": ""
            },
            "require": {
                "squizlabs/php_codesniffer": ">=1.3.4"
            },
            "type": "library",
            "autoload": {
                "psr-0": {
                    "Elgg_Sniffs_": "src/"
                }
            },
            "notification-url": "https://packagist.org/downloads/",
            "description": "Elgg coding standards",
            "time": "2015-02-17 14:47:25"
        },
        {
            "name": "squizlabs/php_codesniffer",
            "version": "2.7.0",
            "source": {
                "type": "git",
                "url": "https://github.com/squizlabs/PHP_CodeSniffer.git",
                "reference": "571e27b6348e5b3a637b2abc82ac0d01e6d7bbed"
            },
            "dist": {
                "type": "zip",
                "url": "https://api.github.com/repos/squizlabs/PHP_CodeSniffer/zipball/571e27b6348e5b3a637b2abc82ac0d01e6d7bbed",
                "reference": "571e27b6348e5b3a637b2abc82ac0d01e6d7bbed",
                "shasum": ""
            },
            "require": {
                "ext-simplexml": "*",
                "ext-tokenizer": "*",
                "ext-xmlwriter": "*",
                "php": ">=5.1.2"
            },
            "require-dev": {
                "phpunit/phpunit": "~4.0"
            },
            "bin": [
                "scripts/phpcs",
                "scripts/phpcbf"
            ],
            "type": "library",
            "extra": {
                "branch-alias": {
                    "dev-master": "2.x-dev"
                }
            },
            "autoload": {
                "classmap": [
                    "CodeSniffer.php",
                    "CodeSniffer/CLI.php",
                    "CodeSniffer/Exception.php",
                    "CodeSniffer/File.php",
                    "CodeSniffer/Fixer.php",
                    "CodeSniffer/Report.php",
                    "CodeSniffer/Reporting.php",
                    "CodeSniffer/Sniff.php",
                    "CodeSniffer/Tokens.php",
                    "CodeSniffer/Reports/",
                    "CodeSniffer/Tokenizers/",
                    "CodeSniffer/DocGenerators/",
                    "CodeSniffer/Standards/AbstractPatternSniff.php",
                    "CodeSniffer/Standards/AbstractScopeSniff.php",
                    "CodeSniffer/Standards/AbstractVariableSniff.php",
                    "CodeSniffer/Standards/IncorrectPatternException.php",
                    "CodeSniffer/Standards/Generic/Sniffs/",
                    "CodeSniffer/Standards/MySource/Sniffs/",
                    "CodeSniffer/Standards/PEAR/Sniffs/",
                    "CodeSniffer/Standards/PSR1/Sniffs/",
                    "CodeSniffer/Standards/PSR2/Sniffs/",
                    "CodeSniffer/Standards/Squiz/Sniffs/",
                    "CodeSniffer/Standards/Zend/Sniffs/"
                ]
            },
            "notification-url": "https://packagist.org/downloads/",
            "license": [
                "BSD-3-Clause"
            ],
            "authors": [
                {
                    "name": "Greg Sherwood",
                    "role": "lead"
                }
            ],
            "description": "PHP_CodeSniffer tokenizes PHP, JavaScript and CSS files and detects violations of a defined set of coding standards.",
            "homepage": "http://www.squizlabs.com/php-codesniffer",
            "keywords": [
                "phpcs",
                "standards"
            ],
            "time": "2016-09-01 23:53:02"
        }
    ],
    "aliases": [],
    "minimum-stability": "stable",
    "stability-flags": {
        "coldtrick/sniffs": 20,
        "coldtrick/releases": 20
    },
    "prefer-stable": false,
    "prefer-lowest": false,
    "platform": [],
    "platform-dev": []
}
